// !$*UTF8*$!
{
	archiveVersion = 1;
	classes = {
	};
	objectVersion = 46;
	objects = {

/* Begin PBXBuildFile section */
		53773A2C1F090B4A0070E1AE /* libProjectM.m in Sources */ = {isa = PBXBuildFile; fileRef = 53773A2B1F090B4A0070E1AE /* libProjectM.m */; };
		53773A2D1F090B4A0070E1AE /* libProjectM.h in CopyFiles */ = {isa = PBXBuildFile; fileRef = 53773A2A1F090B4A0070E1AE /* libProjectM.h */; };
/* End PBXBuildFile section */

/* Begin PBXCopyFilesBuildPhase section */
		53773A251F090B4A0070E1AE /* CopyFiles */ = {
			isa = PBXCopyFilesBuildPhase;
			buildActionMask = 2147483647;
			dstPath = "include/$(PRODUCT_NAME)";
			dstSubfolderSpec = 16;
			files = (
				53773A2D1F090B4A0070E1AE /* libProjectM.h in CopyFiles */,
			);
			runOnlyForDeploymentPostprocessing = 0;
		};
/* End PBXCopyFilesBuildPhase section */

/* Begin PBXFileReference section */
		53773A271F090B4A0070E1AE /* liblibProjectM.a */ = {isa = PBXFileReference; explicitFileType = archive.ar; includeInIndex = 0; path = liblibProjectM.a; sourceTree = BUILT_PRODUCTS_DIR; };
		53773A2A1F090B4A0070E1AE /* libProjectM.h */ = {isa = PBXFileReference; lastKnownFileType = sourcecode.c.h; path = libProjectM.h; sourceTree = "<group>"; };
		53773A2B1F090B4A0070E1AE /* libProjectM.m */ = {isa = PBXFileReference; lastKnownFileType = sourcecode.c.objc; path = libProjectM.m; sourceTree = "<group>"; };
/* End PBXFileReference section */

/* Begin PBXFrameworksBuildPhase section */
		53773A241F090B4A0070E1AE /* Frameworks */ = {
			isa = PBXFrameworksBuildPhase;
			buildActionMask = 2147483647;
			files = (
			);
			runOnlyForDeploymentPostprocessing = 0;
		};
/* End PBXFrameworksBuildPhase section */

/* Begin PBXGroup section */
		53773A1E1F090B4A0070E1AE = {
			isa = PBXGroup;
			children = (
				53773A291F090B4A0070E1AE /* libProjectM */,
				53773A281F090B4A0070E1AE /* Products */,
			);
			sourceTree = "<group>";
		};
		53773A281F090B4A0070E1AE /* Products */ = {
			isa = PBXGroup;
			children = (
				53773A271F090B4A0070E1AE /* liblibProjectM.a */,
			);
			name = Products;
			sourceTree = "<group>";
		};
		53773A291F090B4A0070E1AE /* libProjectM */ = {
			isa = PBXGroup;
			children = (
				53773A2A1F090B4A0070E1AE /* libProjectM.h */,
				53773A2B1F090B4A0070E1AE /* libProjectM.m */,
			);
			path = libProjectM;
			sourceTree = "<group>";
		};
/* End PBXGroup section */

/* Begin PBXNativeTarget section */
		53773A261F090B4A0070E1AE /* libProjectM */ = {
			isa = PBXNativeTarget;
			buildConfigurationList = 53773A301F090B4A0070E1AE /* Build configuration list for PBXNativeTarget "libProjectM" */;
			buildPhases = (
				53773A231F090B4A0070E1AE /* Sources */,
				53773A241F090B4A0070E1AE /* Frameworks */,
				53773A251F090B4A0070E1AE /* CopyFiles */,
			);
			buildRules = (
			);
			dependencies = (
			);
			name = libProjectM;
			productName = libProjectM;
			productReference = 53773A271F090B4A0070E1AE /* liblibProjectM.a */;
			productType = "com.apple.product-type.library.static";
		};
/* End PBXNativeTarget section */

/* Begin PBXProject section */
		53773A1F1F090B4A0070E1AE /* Project object */ = {
			isa = PBXProject;
			attributes = {
				LastUpgradeCheck = 0830;
				ORGANIZATIONNAME = "Ben Baron";
				TargetAttributes = {
					53773A261F090B4A0070E1AE = {
						CreatedOnToolsVersion = 8.3.3;
						DevelopmentTeam = 7596YH3S97;
						ProvisioningStyle = Automatic;
					};
				};
			};
			buildConfigurationList = 53773A221F090B4A0070E1AE /* Build configuration list for PBXProject "libProjectM" */;
			compatibilityVersion = "Xcode 3.2";
			developmentRegion = English;
			hasScannedForEncodings = 0;
			knownRegions = (
				en,
			);
			mainGroup = 53773A1E1F090B4A0070E1AE;
			productRefGroup = 53773A281F090B4A0070E1AE /* Products */;
			projectDirPath = "";
			projectRoot = "";
			targets = (
				53773A261F090B4A0070E1AE /* libProjectM */,
			);
		};
/* End PBXProject section */

/* Begin PBXSourcesBuildPhase section */
		53773A231F090B4A0070E1AE /* Sources */ = {
			isa = PBXSourcesBuildPhase;
			buildActionMask = 2147483647;
			files = (
				53773A2C1F090B4A0070E1AE /* libProjectM.m in Sources */,
			);
			runOnlyForDeploymentPostprocessing = 0;
		};
/* End PBXSourcesBuildPhase section */

/* Begin XCBuildConfiguration section */
		53773A2E1F090B4A0070E1AE /* Debug */ = {
			isa = XCBuildConfiguration;
			buildSettings = {
				ALWAYS_SEARCH_USER_PATHS = NO;
				CLANG_ANALYZER_NONNULL = YES;
				CLANG_ANALYZER_NUMBER_OBJECT_CONVERSION = YES_AGGRESSIVE;
				CLANG_CXX_LANGUAGE_STANDARD = "gnu++0x";
				CLANG_CXX_LIBRARY = "libc++";
				CLANG_ENABLE_MODULES = YES;
				CLANG_ENABLE_OBJC_ARC = YES;
				CLANG_WARN_BOOL_CONVERSION = YES;
				CLANG_WARN_CONSTANT_CONVERSION = YES;
				CLANG_WARN_DIRECT_OBJC_ISA_USAGE = YES_ERROR;
				CLANG_WARN_DOCUMENTATION_COMMENTS = YES;
				CLANG_WARN_EMPTY_BODY = YES;
				CLANG_WARN_ENUM_CONVERSION = YES;
				CLANG_WARN_INFINITE_RECURSION = YES;
				CLANG_WARN_INT_CONVERSION = YES;
				CLANG_WARN_OBJC_ROOT_CLASS = YES_ERROR;
				CLANG_WARN_SUSPICIOUS_MOVE = YES;
				CLANG_WARN_UNREACHABLE_CODE = YES;
				CLANG_WARN__DUPLICATE_METHOD_MATCH = YES;
				"CODE_SIGN_IDENTITY[sdk=iphoneos*]" = "iPhone Developer";
				COPY_PHASE_STRIP = NO;
				DEBUG_INFORMATION_FORMAT = dwarf;
				ENABLE_STRICT_OBJC_MSGSEND = YES;
				ENABLE_TESTABILITY = YES;
				GCC_C_LANGUAGE_STANDARD = gnu99;
				GCC_DYNAMIC_NO_PIC = NO;
				GCC_NO_COMMON_BLOCKS = YES;
				GCC_OPTIMIZATION_LEVEL = 0;
				GCC_PREPROCESSOR_DEFINITIONS = (
					"DEBUG=1",
					"$(inherited)",
				);
				GCC_WARN_64_TO_32_BIT_CONVERSION = YES;
				GCC_WARN_ABOUT_RETURN_TYPE = YES_ERROR;
				GCC_WARN_UNDECLARED_SELECTOR = YES;
				GCC_WARN_UNINITIALIZED_AUTOS = YES_AGGRESSIVE;
				GCC_WARN_UNUSED_FUNCTION = YES;
				GCC_WARN_UNUSED_VARIABLE = YES;
				IPHONEOS_DEPLOYMENT_TARGET = 10.3;
				MTL_ENABLE_DEBUG_INFO = YES;
				ONLY_ACTIVE_ARCH = YES;
				SDKROOT = iphoneos;
			};
			name = Debug;
		};
		53773A2F1F090B4A0070E1AE /* Release */ = {
			isa = XCBuildConfiguration;
			buildSettings = {
				ALWAYS_SEARCH_USER_PATHS = NO;
				CLANG_ANALYZER_NONNULL = YES;
				CLANG_ANALYZER_NUMBER_OBJECT_CONVERSION = YES_AGGRESSIVE;
				CLANG_CXX_LANGUAGE_STANDARD = "gnu++0x";
				CLANG_CXX_LIBRARY = "libc++";
				CLANG_ENABLE_MODULES = YES;
				CLANG_ENABLE_OBJC_ARC = YES;
				CLANG_WARN_BOOL_CONVERSION = YES;
				CLANG_WARN_CONSTANT_CONVERSION = YES;
				CLANG_WARN_DIRECT_OBJC_ISA_USAGE = YES_ERROR;
				CLANG_WARN_DOCUMENTATION_COMMENTS = YES;
				CLANG_WARN_EMPTY_BODY = YES;
				CLANG_WARN_ENUM_CONVERSION = YES;
				CLANG_WARN_INFINITE_RECURSION = YES;
				CLANG_WARN_INT_CONVERSION = YES;
				CLANG_WARN_OBJC_ROOT_CLASS = YES_ERROR;
				CLANG_WARN_SUSPICIOUS_MOVE = YES;
				CLANG_WARN_UNREACHABLE_CODE = YES;
				CLANG_WARN__DUPLICATE_METHOD_MATCH = YES;
				"CODE_SIGN_IDENTITY[sdk=iphoneos*]" = "iPhone Developer";
				COPY_PHASE_STRIP = NO;
				DEBUG_INFORMATION_FORMAT = "dwarf-with-dsym";
				ENABLE_NS_ASSERTIONS = NO;
				ENABLE_STRICT_OBJC_MSGSEND = YES;
				GCC_C_LANGUAGE_STANDARD = gnu99;
				GCC_NO_COMMON_BLOCKS = YES;
				GCC_WARN_64_TO_32_BIT_CONVERSION = YES;
				GCC_WARN_ABOUT_RETURN_TYPE = YES_ERROR;
				GCC_WARN_UNDECLARED_SELECTOR = YES;
				GCC_WARN_UNINITIALIZED_AUTOS = YES_AGGRESSIVE;
				GCC_WARN_UNUSED_FUNCTION = YES;
				GCC_WARN_UNUSED_VARIABLE = YES;
				IPHONEOS_DEPLOYMENT_TARGET = 10.3;
				MTL_ENABLE_DEBUG_INFO = NO;
				SDKROOT = iphoneos;
				VALIDATE_PRODUCT = YES;
			};
			name = Release;
		};
		53773A311F090B4A0070E1AE /* Debug */ = {
			isa = XCBuildConfiguration;
			buildSettings = {
				DEVELOPMENT_TEAM = 7596YH3S97;
				OTHER_LDFLAGS = "-ObjC";
				PRODUCT_NAME = "$(TARGET_NAME)";
				SKIP_INSTALL = YES;
			};
			name = Debug;
		};
		53773A321F090B4A0070E1AE /* Release */ = {
			isa = XCBuildConfiguration;
			buildSettings = {
				DEVELOPMENT_TEAM = 7596YH3S97;
				OTHER_LDFLAGS = "-ObjC";
				PRODUCT_NAME = "$(TARGET_NAME)";
				SKIP_INSTALL = YES;
			};
			name = Release;
		};
/* End XCBuildConfiguration section */

/* Begin XCConfigurationList section */
		53773A221F090B4A0070E1AE /* Build configuration list for PBXProject "libProjectM" */ = {
			isa = XCConfigurationList;
			buildConfigurations = (
				53773A2E1F090B4A0070E1AE /* Debug */,
				53773A2F1F090B4A0070E1AE /* Release */,
			);
			defaultConfigurationIsVisible = 0;
			defaultConfigurationName = Release;
		};
		53773A301F090B4A0070E1AE /* Build configuration list for PBXNativeTarget "libProjectM" */ = {
			isa = XCConfigurationList;
			buildConfigurations = (
				53773A311F090B4A0070E1AE /* Debug */,
				53773A321F090B4A0070E1AE /* Release */,
			);
			defaultConfigurationIsVisible = 0;
		};
/* End XCConfigurationList section */
	};
	rootObject = 53773A1F1F090B4A0070E1AE /* Project object */;
}
