// !$*UTF8*$!
{
	archiveVersion = 1;
	classes = {
	};
	objectVersion = 46;
	objects = {

/* Begin PBXBuildFile section */
		53773A2C1F090B4A0070E1AE /* libProjectM.m in Sources */ = {isa = PBXBuildFile; fileRef = 53773A2B1F090B4A0070E1AE /* libProjectM.m */; };
		53773A2D1F090B4A0070E1AE /* libProjectM.h in CopyFiles */ = {isa = PBXBuildFile; fileRef = 53773A2A1F090B4A0070E1AE /* libProjectM.h */; };
		53773A4B1F090C3C0070E1AE /* ConfigFile.cpp in Sources */ = {isa = PBXBuildFile; fileRef = 53773A431F090C3C0070E1AE /* ConfigFile.cpp */; };
		53773A4C1F090C3C0070E1AE /* fftsg.cpp in Sources */ = {isa = PBXBuildFile; fileRef = 53773A491F090C3C0070E1AE /* fftsg.cpp */; };
		53773A581F090C690070E1AE /* KeyHandler.cpp in Sources */ = {isa = PBXBuildFile; fileRef = 53773A541F090C690070E1AE /* KeyHandler.cpp */; };
		53773A671F090C770070E1AE /* PCM.cpp in Sources */ = {isa = PBXBuildFile; fileRef = 53773A591F090C770070E1AE /* PCM.cpp */; };
		53773A681F090C770070E1AE /* PipelineMerger.cpp in Sources */ = {isa = PBXBuildFile; fileRef = 53773A5B1F090C770070E1AE /* PipelineMerger.cpp */; };
		53773A691F090C770070E1AE /* Preset.cpp in Sources */ = {isa = PBXBuildFile; fileRef = 53773A5D1F090C770070E1AE /* Preset.cpp */; };
		53773A6A1F090C770070E1AE /* PresetChooser.cpp in Sources */ = {isa = PBXBuildFile; fileRef = 53773A5F1F090C770070E1AE /* PresetChooser.cpp */; };
		53773A6B1F090C770070E1AE /* PresetFactory.cpp in Sources */ = {isa = PBXBuildFile; fileRef = 53773A611F090C770070E1AE /* PresetFactory.cpp */; };
		53773A6C1F090C770070E1AE /* PresetFactoryManager.cpp in Sources */ = {isa = PBXBuildFile; fileRef = 53773A631F090C770070E1AE /* PresetFactoryManager.cpp */; };
		53773A6D1F090C770070E1AE /* PresetLoader.cpp in Sources */ = {isa = PBXBuildFile; fileRef = 53773A651F090C770070E1AE /* PresetLoader.cpp */; };
		53773A711F090C8D0070E1AE /* projectM.cpp in Sources */ = {isa = PBXBuildFile; fileRef = 53773A6E1F090C8D0070E1AE /* projectM.cpp */; };
		53773A7A1F090C970070E1AE /* TimeKeeper.cpp in Sources */ = {isa = PBXBuildFile; fileRef = 53773A741F090C970070E1AE /* TimeKeeper.cpp */; };
		53773A7B1F090C970070E1AE /* timer.cpp in Sources */ = {isa = PBXBuildFile; fileRef = 53773A761F090C970070E1AE /* timer.cpp */; };
		53773A7C1F090C970070E1AE /* wipemalloc.cpp in Sources */ = {isa = PBXBuildFile; fileRef = 53773A781F090C970070E1AE /* wipemalloc.cpp */; };
		53773ABB1F090CD80070E1AE /* BeatDetect.cpp in Sources */ = {isa = PBXBuildFile; fileRef = 53773A7E1F090CD80070E1AE /* BeatDetect.cpp */; };
		53773ABC1F090CD80070E1AE /* FBO.cpp in Sources */ = {isa = PBXBuildFile; fileRef = 53773A811F090CD80070E1AE /* FBO.cpp */; };
		53773ABD1F090CD80070E1AE /* Filters.cpp in Sources */ = {isa = PBXBuildFile; fileRef = 53773A831F090CD80070E1AE /* Filters.cpp */; };
		53773ABE1F090CD80070E1AE /* MilkdropWaveform.cpp in Sources */ = {isa = PBXBuildFile; fileRef = 53773A851F090CD80070E1AE /* MilkdropWaveform.cpp */; };
		53773ABF1F090CD80070E1AE /* PerlinNoise.cpp in Sources */ = {isa = PBXBuildFile; fileRef = 53773A871F090CD80070E1AE /* PerlinNoise.cpp */; };
		53773AC01F090CD80070E1AE /* PerPixelMesh.cpp in Sources */ = {isa = PBXBuildFile; fileRef = 53773A891F090CD80070E1AE /* PerPixelMesh.cpp */; };
		53773AC11F090CD80070E1AE /* Pipeline.cpp in Sources */ = {isa = PBXBuildFile; fileRef = 53773A8B1F090CD80070E1AE /* Pipeline.cpp */; };
		53773AC21F090CD80070E1AE /* PipelineContext.cpp in Sources */ = {isa = PBXBuildFile; fileRef = 53773A8D1F090CD80070E1AE /* PipelineContext.cpp */; };
		53773AC31F090CD80070E1AE /* Renderable.cpp in Sources */ = {isa = PBXBuildFile; fileRef = 53773A901F090CD80070E1AE /* Renderable.cpp */; };
		53773AC41F090CD80070E1AE /* Renderer.cpp in Sources */ = {isa = PBXBuildFile; fileRef = 53773A921F090CD80070E1AE /* Renderer.cpp */; };
		53773AC51F090CD80070E1AE /* RenderItemDistanceMetric.cpp in Sources */ = {isa = PBXBuildFile; fileRef = 53773A941F090CD80070E1AE /* RenderItemDistanceMetric.cpp */; };
		53773AC61F090CD80070E1AE /* RenderItemMatcher.cpp in Sources */ = {isa = PBXBuildFile; fileRef = 53773A961F090CD80070E1AE /* RenderItemMatcher.cpp */; };
		53773AC71F090CD80070E1AE /* Shader.cpp in Sources */ = {isa = PBXBuildFile; fileRef = 53773A991F090CD80070E1AE /* Shader.cpp */; };
		53773AC81F090CD80070E1AE /* ShaderEngine.cpp in Sources */ = {isa = PBXBuildFile; fileRef = 53773A9B1F090CD80070E1AE /* ShaderEngine.cpp */; };
		53773AC91F090CD80070E1AE /* etc1_utils.c in Sources */ = {isa = PBXBuildFile; fileRef = 53773A9E1F090CD80070E1AE /* etc1_utils.c */; };
		53773ACA1F090CD80070E1AE /* image_DXT.c in Sources */ = {isa = PBXBuildFile; fileRef = 53773AA01F090CD80070E1AE /* image_DXT.c */; };
		53773ACB1F090CD80070E1AE /* image_helper.c in Sources */ = {isa = PBXBuildFile; fileRef = 53773AA21F090CD80070E1AE /* image_helper.c */; };
		53773ACC1F090CD80070E1AE /* SOIL2.c in Sources */ = {isa = PBXBuildFile; fileRef = 53773AA61F090CD80070E1AE /* SOIL2.c */; };
		53773ACD1F090CD80070E1AE /* TextureManager.cpp in Sources */ = {isa = PBXBuildFile; fileRef = 53773AB21F090CD80070E1AE /* TextureManager.cpp */; };
		53773ACE1F090CD80070E1AE /* UserTexture.cpp in Sources */ = {isa = PBXBuildFile; fileRef = 53773AB51F090CD80070E1AE /* UserTexture.cpp */; };
		53773ACF1F090CD80070E1AE /* VideoEcho.cpp in Sources */ = {isa = PBXBuildFile; fileRef = 53773AB71F090CD80070E1AE /* VideoEcho.cpp */; };
		53773AD01F090CD80070E1AE /* Waveform.cpp in Sources */ = {isa = PBXBuildFile; fileRef = 53773AB91F090CD80070E1AE /* Waveform.cpp */; };
		53773B061F090D0C0070E1AE /* BuiltinFuncs.cpp in Sources */ = {isa = PBXBuildFile; fileRef = 53773AE11F090D0C0070E1AE /* BuiltinFuncs.cpp */; };
		53773B071F090D0C0070E1AE /* BuiltinParams.cpp in Sources */ = {isa = PBXBuildFile; fileRef = 53773AE31F090D0C0070E1AE /* BuiltinParams.cpp */; };
		53773B081F090D0C0070E1AE /* CustomShape.cpp in Sources */ = {isa = PBXBuildFile; fileRef = 53773AE51F090D0C0070E1AE /* CustomShape.cpp */; };
		53773B091F090D0C0070E1AE /* CustomWave.cpp in Sources */ = {isa = PBXBuildFile; fileRef = 53773AE71F090D0C0070E1AE /* CustomWave.cpp */; };
		53773B0A1F090D0C0070E1AE /* Eval.cpp in Sources */ = {isa = PBXBuildFile; fileRef = 53773AEA1F090D0C0070E1AE /* Eval.cpp */; };
		53773B0B1F090D0C0070E1AE /* Expr.cpp in Sources */ = {isa = PBXBuildFile; fileRef = 53773AEC1F090D0C0070E1AE /* Expr.cpp */; };
		53773B0C1F090D0C0070E1AE /* Func.cpp in Sources */ = {isa = PBXBuildFile; fileRef = 53773AEE1F090D0C0070E1AE /* Func.cpp */; };
		53773B0D1F090D0C0070E1AE /* IdlePreset.cpp in Sources */ = {isa = PBXBuildFile; fileRef = 53773AF01F090D0C0070E1AE /* IdlePreset.cpp */; };
		53773B0E1F090D0C0070E1AE /* InitCond.cpp in Sources */ = {isa = PBXBuildFile; fileRef = 53773AF21F090D0C0070E1AE /* InitCond.cpp */; };
		53773B0F1F090D0C0070E1AE /* MilkdropPreset.cpp in Sources */ = {isa = PBXBuildFile; fileRef = 53773AF51F090D0C0070E1AE /* MilkdropPreset.cpp */; };
		53773B101F090D0C0070E1AE /* MilkdropPresetFactory.cpp in Sources */ = {isa = PBXBuildFile; fileRef = 53773AF71F090D0C0070E1AE /* MilkdropPresetFactory.cpp */; };
		53773B111F090D0C0070E1AE /* Param.cpp in Sources */ = {isa = PBXBuildFile; fileRef = 53773AF91F090D0C0070E1AE /* Param.cpp */; };
		53773B121F090D0C0070E1AE /* Parser.cpp in Sources */ = {isa = PBXBuildFile; fileRef = 53773AFC1F090D0C0070E1AE /* Parser.cpp */; };
		53773B131F090D0C0070E1AE /* PerFrameEqn.cpp in Sources */ = {isa = PBXBuildFile; fileRef = 53773AFE1F090D0C0070E1AE /* PerFrameEqn.cpp */; };
		53773B141F090D0C0070E1AE /* PerPixelEqn.cpp in Sources */ = {isa = PBXBuildFile; fileRef = 53773B001F090D0C0070E1AE /* PerPixelEqn.cpp */; };
		53773B151F090D0C0070E1AE /* PerPointEqn.cpp in Sources */ = {isa = PBXBuildFile; fileRef = 53773B021F090D0C0070E1AE /* PerPointEqn.cpp */; };
		53773B161F090D0C0070E1AE /* PresetFrameIO.cpp in Sources */ = {isa = PBXBuildFile; fileRef = 53773B041F090D0C0070E1AE /* PresetFrameIO.cpp */; };
		53773B1C1F090D270070E1AE /* NativePresetFactory.cpp in Sources */ = {isa = PBXBuildFile; fileRef = 53773B1A1F090D270070E1AE /* NativePresetFactory.cpp */; };
		53773B1F1F090DA00070E1AE /* OpenGLES.framework in Frameworks */ = {isa = PBXBuildFile; fileRef = 53773B1E1F090DA00070E1AE /* OpenGLES.framework */; };
		53773B211F090DF70070E1AE /* QuartzCore.framework in Frameworks */ = {isa = PBXBuildFile; fileRef = 53773B201F090DF70070E1AE /* QuartzCore.framework */; };
/* End PBXBuildFile section */

/* Begin PBXCopyFilesBuildPhase section */
		53773A251F090B4A0070E1AE /* CopyFiles */ = {
			isa = PBXCopyFilesBuildPhase;
			buildActionMask = 2147483647;
			dstPath = "include/$(PRODUCT_NAME)";
			dstSubfolderSpec = 16;
			files = (
				53773A2D1F090B4A0070E1AE /* libProjectM.h in CopyFiles */,
			);
			runOnlyForDeploymentPostprocessing = 0;
		};
/* End PBXCopyFilesBuildPhase section */

/* Begin PBXFileReference section */
		53773A271F090B4A0070E1AE /* liblibProjectM.a */ = {isa = PBXFileReference; explicitFileType = archive.ar; includeInIndex = 0; path = liblibProjectM.a; sourceTree = BUILT_PRODUCTS_DIR; };
		53773A2A1F090B4A0070E1AE /* libProjectM.h */ = {isa = PBXFileReference; lastKnownFileType = sourcecode.c.h; path = libProjectM.h; sourceTree = "<group>"; };
		53773A2B1F090B4A0070E1AE /* libProjectM.m */ = {isa = PBXFileReference; lastKnownFileType = sourcecode.c.objc; path = libProjectM.m; sourceTree = "<group>"; };
		53773A401F090C3C0070E1AE /* carbontoprojectM.h */ = {isa = PBXFileReference; fileEncoding = 4; lastKnownFileType = sourcecode.c.h; path = carbontoprojectM.h; sourceTree = "<group>"; };
		53773A411F090C3C0070E1AE /* cocoatoprojectM.h */ = {isa = PBXFileReference; fileEncoding = 4; lastKnownFileType = sourcecode.c.h; path = cocoatoprojectM.h; sourceTree = "<group>"; };
		53773A421F090C3C0070E1AE /* Common.hpp */ = {isa = PBXFileReference; fileEncoding = 4; lastKnownFileType = sourcecode.cpp.h; path = Common.hpp; sourceTree = "<group>"; };
		53773A431F090C3C0070E1AE /* ConfigFile.cpp */ = {isa = PBXFileReference; fileEncoding = 4; lastKnownFileType = sourcecode.cpp.cpp; path = ConfigFile.cpp; sourceTree = "<group>"; };
		53773A441F090C3C0070E1AE /* ConfigFile.h */ = {isa = PBXFileReference; fileEncoding = 4; lastKnownFileType = sourcecode.c.h; path = ConfigFile.h; sourceTree = "<group>"; };
		53773A451F090C3C0070E1AE /* COPYING */ = {isa = PBXFileReference; fileEncoding = 4; lastKnownFileType = text; path = COPYING; sourceTree = "<group>"; };
		53773A461F090C3C0070E1AE /* dlldefs.h */ = {isa = PBXFileReference; fileEncoding = 4; lastKnownFileType = sourcecode.c.h; path = dlldefs.h; sourceTree = "<group>"; };
		53773A471F090C3C0070E1AE /* event.h */ = {isa = PBXFileReference; fileEncoding = 4; lastKnownFileType = sourcecode.c.h; path = event.h; sourceTree = "<group>"; };
		53773A481F090C3C0070E1AE /* fatal.h */ = {isa = PBXFileReference; fileEncoding = 4; lastKnownFileType = sourcecode.c.h; path = fatal.h; sourceTree = "<group>"; };
		53773A491F090C3C0070E1AE /* fftsg.cpp */ = {isa = PBXFileReference; fileEncoding = 4; lastKnownFileType = sourcecode.cpp.cpp; path = fftsg.cpp; sourceTree = "<group>"; };
		53773A4A1F090C3C0070E1AE /* fftsg.h */ = {isa = PBXFileReference; fileEncoding = 4; lastKnownFileType = sourcecode.c.h; path = fftsg.h; sourceTree = "<group>"; };
		53773A4D1F090C690070E1AE /* glError.h */ = {isa = PBXFileReference; fileEncoding = 4; lastKnownFileType = sourcecode.c.h; path = glError.h; sourceTree = "<group>"; };
		53773A4E1F090C690070E1AE /* gles.sh */ = {isa = PBXFileReference; fileEncoding = 4; lastKnownFileType = text.script.sh; path = gles.sh; sourceTree = "<group>"; };
		53773A511F090C690070E1AE /* glxew.h */ = {isa = PBXFileReference; fileEncoding = 4; lastKnownFileType = sourcecode.c.h; path = glxew.h; sourceTree = "<group>"; };
		53773A521F090C690070E1AE /* HungarianMethod.hpp */ = {isa = PBXFileReference; fileEncoding = 4; lastKnownFileType = sourcecode.cpp.h; path = HungarianMethod.hpp; sourceTree = "<group>"; };
		53773A531F090C690070E1AE /* IdleTextures.hpp */ = {isa = PBXFileReference; fileEncoding = 4; lastKnownFileType = sourcecode.cpp.h; path = IdleTextures.hpp; sourceTree = "<group>"; };
		53773A541F090C690070E1AE /* KeyHandler.cpp */ = {isa = PBXFileReference; fileEncoding = 4; lastKnownFileType = sourcecode.cpp.cpp; path = KeyHandler.cpp; sourceTree = "<group>"; };
		53773A551F090C690070E1AE /* KeyHandler.hpp */ = {isa = PBXFileReference; fileEncoding = 4; lastKnownFileType = sourcecode.cpp.h; path = KeyHandler.hpp; sourceTree = "<group>"; };
		53773A561F090C690070E1AE /* lvtoprojectM.h */ = {isa = PBXFileReference; fileEncoding = 4; lastKnownFileType = sourcecode.c.h; path = lvtoprojectM.h; sourceTree = "<group>"; };
		53773A591F090C770070E1AE /* PCM.cpp */ = {isa = PBXFileReference; fileEncoding = 4; lastKnownFileType = sourcecode.cpp.cpp; path = PCM.cpp; sourceTree = "<group>"; };
		53773A5A1F090C770070E1AE /* PCM.hpp */ = {isa = PBXFileReference; fileEncoding = 4; lastKnownFileType = sourcecode.cpp.h; path = PCM.hpp; sourceTree = "<group>"; };
		53773A5B1F090C770070E1AE /* PipelineMerger.cpp */ = {isa = PBXFileReference; fileEncoding = 4; lastKnownFileType = sourcecode.cpp.cpp; path = PipelineMerger.cpp; sourceTree = "<group>"; };
		53773A5C1F090C770070E1AE /* PipelineMerger.hpp */ = {isa = PBXFileReference; fileEncoding = 4; lastKnownFileType = sourcecode.cpp.h; path = PipelineMerger.hpp; sourceTree = "<group>"; };
		53773A5D1F090C770070E1AE /* Preset.cpp */ = {isa = PBXFileReference; fileEncoding = 4; lastKnownFileType = sourcecode.cpp.cpp; path = Preset.cpp; sourceTree = "<group>"; };
		53773A5E1F090C770070E1AE /* Preset.hpp */ = {isa = PBXFileReference; fileEncoding = 4; lastKnownFileType = sourcecode.cpp.h; path = Preset.hpp; sourceTree = "<group>"; };
		53773A5F1F090C770070E1AE /* PresetChooser.cpp */ = {isa = PBXFileReference; fileEncoding = 4; lastKnownFileType = sourcecode.cpp.cpp; path = PresetChooser.cpp; sourceTree = "<group>"; };
		53773A601F090C770070E1AE /* PresetChooser.hpp */ = {isa = PBXFileReference; fileEncoding = 4; lastKnownFileType = sourcecode.cpp.h; path = PresetChooser.hpp; sourceTree = "<group>"; };
		53773A611F090C770070E1AE /* PresetFactory.cpp */ = {isa = PBXFileReference; fileEncoding = 4; lastKnownFileType = sourcecode.cpp.cpp; path = PresetFactory.cpp; sourceTree = "<group>"; };
		53773A621F090C770070E1AE /* PresetFactory.hpp */ = {isa = PBXFileReference; fileEncoding = 4; lastKnownFileType = sourcecode.cpp.h; path = PresetFactory.hpp; sourceTree = "<group>"; };
		53773A631F090C770070E1AE /* PresetFactoryManager.cpp */ = {isa = PBXFileReference; fileEncoding = 4; lastKnownFileType = sourcecode.cpp.cpp; path = PresetFactoryManager.cpp; sourceTree = "<group>"; };
		53773A641F090C770070E1AE /* PresetFactoryManager.hpp */ = {isa = PBXFileReference; fileEncoding = 4; lastKnownFileType = sourcecode.cpp.h; path = PresetFactoryManager.hpp; sourceTree = "<group>"; };
		53773A651F090C770070E1AE /* PresetLoader.cpp */ = {isa = PBXFileReference; fileEncoding = 4; lastKnownFileType = sourcecode.cpp.cpp; path = PresetLoader.cpp; sourceTree = "<group>"; };
		53773A661F090C770070E1AE /* PresetLoader.hpp */ = {isa = PBXFileReference; fileEncoding = 4; lastKnownFileType = sourcecode.cpp.h; path = PresetLoader.hpp; sourceTree = "<group>"; };
		53773A6E1F090C8D0070E1AE /* projectM.cpp */ = {isa = PBXFileReference; fileEncoding = 4; lastKnownFileType = sourcecode.cpp.cpp; path = projectM.cpp; sourceTree = "<group>"; };
		53773A6F1F090C8D0070E1AE /* projectM.hpp */ = {isa = PBXFileReference; fileEncoding = 4; lastKnownFileType = sourcecode.cpp.h; path = projectM.hpp; sourceTree = "<group>"; };
		53773A701F090C8D0070E1AE /* RandomNumberGenerators.hpp */ = {isa = PBXFileReference; fileEncoding = 4; lastKnownFileType = sourcecode.cpp.h; path = RandomNumberGenerators.hpp; sourceTree = "<group>"; };
		53773A721F090C970070E1AE /* resource.h */ = {isa = PBXFileReference; fileEncoding = 4; lastKnownFileType = sourcecode.c.h; path = resource.h; sourceTree = "<group>"; };
		53773A731F090C970070E1AE /* sdltoprojectM.h */ = {isa = PBXFileReference; fileEncoding = 4; lastKnownFileType = sourcecode.c.h; path = sdltoprojectM.h; sourceTree = "<group>"; };
		53773A741F090C970070E1AE /* TimeKeeper.cpp */ = {isa = PBXFileReference; fileEncoding = 4; lastKnownFileType = sourcecode.cpp.cpp; path = TimeKeeper.cpp; sourceTree = "<group>"; };
		53773A751F090C970070E1AE /* TimeKeeper.hpp */ = {isa = PBXFileReference; fileEncoding = 4; lastKnownFileType = sourcecode.cpp.h; path = TimeKeeper.hpp; sourceTree = "<group>"; };
		53773A761F090C970070E1AE /* timer.cpp */ = {isa = PBXFileReference; fileEncoding = 4; lastKnownFileType = sourcecode.cpp.cpp; path = timer.cpp; sourceTree = "<group>"; };
		53773A771F090C970070E1AE /* timer.h */ = {isa = PBXFileReference; fileEncoding = 4; lastKnownFileType = sourcecode.c.h; path = timer.h; sourceTree = "<group>"; };
		53773A781F090C970070E1AE /* wipemalloc.cpp */ = {isa = PBXFileReference; fileEncoding = 4; lastKnownFileType = sourcecode.cpp.cpp; path = wipemalloc.cpp; sourceTree = "<group>"; };
		53773A791F090C970070E1AE /* wipemalloc.h */ = {isa = PBXFileReference; fileEncoding = 4; lastKnownFileType = sourcecode.c.h; path = wipemalloc.h; sourceTree = "<group>"; };
		53773A7E1F090CD80070E1AE /* BeatDetect.cpp */ = {isa = PBXFileReference; fileEncoding = 4; lastKnownFileType = sourcecode.cpp.cpp; path = BeatDetect.cpp; sourceTree = "<group>"; };
		53773A7F1F090CD80070E1AE /* BeatDetect.hpp */ = {isa = PBXFileReference; fileEncoding = 4; lastKnownFileType = sourcecode.cpp.h; path = BeatDetect.hpp; sourceTree = "<group>"; };
		53773A801F090CD80070E1AE /* blur.cg */ = {isa = PBXFileReference; fileEncoding = 4; lastKnownFileType = text; path = blur.cg; sourceTree = "<group>"; };
		53773A811F090CD80070E1AE /* FBO.cpp */ = {isa = PBXFileReference; fileEncoding = 4; lastKnownFileType = sourcecode.cpp.cpp; path = FBO.cpp; sourceTree = "<group>"; };
		53773A821F090CD80070E1AE /* FBO.hpp */ = {isa = PBXFileReference; fileEncoding = 4; lastKnownFileType = sourcecode.cpp.h; path = FBO.hpp; sourceTree = "<group>"; };
		53773A831F090CD80070E1AE /* Filters.cpp */ = {isa = PBXFileReference; fileEncoding = 4; lastKnownFileType = sourcecode.cpp.cpp; path = Filters.cpp; sourceTree = "<group>"; };
		53773A841F090CD80070E1AE /* Filters.hpp */ = {isa = PBXFileReference; fileEncoding = 4; lastKnownFileType = sourcecode.cpp.h; path = Filters.hpp; sourceTree = "<group>"; };
		53773A851F090CD80070E1AE /* MilkdropWaveform.cpp */ = {isa = PBXFileReference; fileEncoding = 4; lastKnownFileType = sourcecode.cpp.cpp; path = MilkdropWaveform.cpp; sourceTree = "<group>"; };
		53773A861F090CD80070E1AE /* MilkdropWaveform.hpp */ = {isa = PBXFileReference; fileEncoding = 4; lastKnownFileType = sourcecode.cpp.h; path = MilkdropWaveform.hpp; sourceTree = "<group>"; };
		53773A871F090CD80070E1AE /* PerlinNoise.cpp */ = {isa = PBXFileReference; fileEncoding = 4; lastKnownFileType = sourcecode.cpp.cpp; path = PerlinNoise.cpp; sourceTree = "<group>"; };
		53773A881F090CD80070E1AE /* PerlinNoise.hpp */ = {isa = PBXFileReference; fileEncoding = 4; lastKnownFileType = sourcecode.cpp.h; path = PerlinNoise.hpp; sourceTree = "<group>"; };
		53773A891F090CD80070E1AE /* PerPixelMesh.cpp */ = {isa = PBXFileReference; fileEncoding = 4; lastKnownFileType = sourcecode.cpp.cpp; path = PerPixelMesh.cpp; sourceTree = "<group>"; };
		53773A8A1F090CD80070E1AE /* PerPixelMesh.hpp */ = {isa = PBXFileReference; fileEncoding = 4; lastKnownFileType = sourcecode.cpp.h; path = PerPixelMesh.hpp; sourceTree = "<group>"; };
		53773A8B1F090CD80070E1AE /* Pipeline.cpp */ = {isa = PBXFileReference; fileEncoding = 4; lastKnownFileType = sourcecode.cpp.cpp; path = Pipeline.cpp; sourceTree = "<group>"; };
		53773A8C1F090CD80070E1AE /* Pipeline.hpp */ = {isa = PBXFileReference; fileEncoding = 4; lastKnownFileType = sourcecode.cpp.h; path = Pipeline.hpp; sourceTree = "<group>"; };
		53773A8D1F090CD80070E1AE /* PipelineContext.cpp */ = {isa = PBXFileReference; fileEncoding = 4; lastKnownFileType = sourcecode.cpp.cpp; path = PipelineContext.cpp; sourceTree = "<group>"; };
		53773A8E1F090CD80070E1AE /* PipelineContext.hpp */ = {isa = PBXFileReference; fileEncoding = 4; lastKnownFileType = sourcecode.cpp.h; path = PipelineContext.hpp; sourceTree = "<group>"; };
		53773A8F1F090CD80070E1AE /* projectM.cg */ = {isa = PBXFileReference; fileEncoding = 4; lastKnownFileType = text; path = projectM.cg; sourceTree = "<group>"; };
		53773A901F090CD80070E1AE /* Renderable.cpp */ = {isa = PBXFileReference; fileEncoding = 4; lastKnownFileType = sourcecode.cpp.cpp; path = Renderable.cpp; sourceTree = "<group>"; };
		53773A911F090CD80070E1AE /* Renderable.hpp */ = {isa = PBXFileReference; fileEncoding = 4; lastKnownFileType = sourcecode.cpp.h; path = Renderable.hpp; sourceTree = "<group>"; };
		53773A921F090CD80070E1AE /* Renderer.cpp */ = {isa = PBXFileReference; fileEncoding = 4; lastKnownFileType = sourcecode.cpp.cpp; path = Renderer.cpp; sourceTree = "<group>"; };
		53773A931F090CD80070E1AE /* Renderer.hpp */ = {isa = PBXFileReference; fileEncoding = 4; lastKnownFileType = sourcecode.cpp.h; path = Renderer.hpp; sourceTree = "<group>"; };
		53773A941F090CD80070E1AE /* RenderItemDistanceMetric.cpp */ = {isa = PBXFileReference; fileEncoding = 4; lastKnownFileType = sourcecode.cpp.cpp; path = RenderItemDistanceMetric.cpp; sourceTree = "<group>"; };
		53773A951F090CD80070E1AE /* RenderItemDistanceMetric.hpp */ = {isa = PBXFileReference; fileEncoding = 4; lastKnownFileType = sourcecode.cpp.h; path = RenderItemDistanceMetric.hpp; sourceTree = "<group>"; };
		53773A961F090CD80070E1AE /* RenderItemMatcher.cpp */ = {isa = PBXFileReference; fileEncoding = 4; lastKnownFileType = sourcecode.cpp.cpp; path = RenderItemMatcher.cpp; sourceTree = "<group>"; };
		53773A971F090CD80070E1AE /* RenderItemMatcher.hpp */ = {isa = PBXFileReference; fileEncoding = 4; lastKnownFileType = sourcecode.cpp.h; path = RenderItemMatcher.hpp; sourceTree = "<group>"; };
		53773A981F090CD80070E1AE /* RenderItemMergeFunction.hpp */ = {isa = PBXFileReference; fileEncoding = 4; lastKnownFileType = sourcecode.cpp.h; path = RenderItemMergeFunction.hpp; sourceTree = "<group>"; };
		53773A991F090CD80070E1AE /* Shader.cpp */ = {isa = PBXFileReference; fileEncoding = 4; lastKnownFileType = sourcecode.cpp.cpp; path = Shader.cpp; sourceTree = "<group>"; };
		53773A9A1F090CD80070E1AE /* Shader.hpp */ = {isa = PBXFileReference; fileEncoding = 4; lastKnownFileType = sourcecode.cpp.h; path = Shader.hpp; sourceTree = "<group>"; };
		53773A9B1F090CD80070E1AE /* ShaderEngine.cpp */ = {isa = PBXFileReference; fileEncoding = 4; lastKnownFileType = sourcecode.cpp.cpp; path = ShaderEngine.cpp; sourceTree = "<group>"; };
		53773A9C1F090CD80070E1AE /* ShaderEngine.hpp */ = {isa = PBXFileReference; fileEncoding = 4; lastKnownFileType = sourcecode.cpp.h; path = ShaderEngine.hpp; sourceTree = "<group>"; };
		53773A9E1F090CD80070E1AE /* etc1_utils.c */ = {isa = PBXFileReference; fileEncoding = 4; lastKnownFileType = sourcecode.c.c; path = etc1_utils.c; sourceTree = "<group>"; };
		53773A9F1F090CD80070E1AE /* etc1_utils.h */ = {isa = PBXFileReference; fileEncoding = 4; lastKnownFileType = sourcecode.c.h; path = etc1_utils.h; sourceTree = "<group>"; };
		53773AA01F090CD80070E1AE /* image_DXT.c */ = {isa = PBXFileReference; fileEncoding = 4; lastKnownFileType = sourcecode.c.c; path = image_DXT.c; sourceTree = "<group>"; };
		53773AA11F090CD80070E1AE /* image_DXT.h */ = {isa = PBXFileReference; fileEncoding = 4; lastKnownFileType = sourcecode.c.h; path = image_DXT.h; sourceTree = "<group>"; };
		53773AA21F090CD80070E1AE /* image_helper.c */ = {isa = PBXFileReference; fileEncoding = 4; lastKnownFileType = sourcecode.c.c; path = image_helper.c; sourceTree = "<group>"; };
		53773AA31F090CD80070E1AE /* image_helper.h */ = {isa = PBXFileReference; fileEncoding = 4; lastKnownFileType = sourcecode.c.h; path = image_helper.h; sourceTree = "<group>"; };
		53773AA41F090CD80070E1AE /* pkm_helper.h */ = {isa = PBXFileReference; fileEncoding = 4; lastKnownFileType = sourcecode.c.h; path = pkm_helper.h; sourceTree = "<group>"; };
		53773AA51F090CD80070E1AE /* pvr_helper.h */ = {isa = PBXFileReference; fileEncoding = 4; lastKnownFileType = sourcecode.c.h; path = pvr_helper.h; sourceTree = "<group>"; };
		53773AA61F090CD80070E1AE /* SOIL2.c */ = {isa = PBXFileReference; fileEncoding = 4; lastKnownFileType = sourcecode.c.c; path = SOIL2.c; sourceTree = "<group>"; };
		53773AA71F090CD80070E1AE /* SOIL2.h */ = {isa = PBXFileReference; fileEncoding = 4; lastKnownFileType = sourcecode.c.h; path = SOIL2.h; sourceTree = "<group>"; };
		53773AA81F090CD80070E1AE /* stb_image.h */ = {isa = PBXFileReference; fileEncoding = 4; lastKnownFileType = sourcecode.c.h; path = stb_image.h; sourceTree = "<group>"; };
		53773AA91F090CD80070E1AE /* stb_image_write.h */ = {isa = PBXFileReference; fileEncoding = 4; lastKnownFileType = sourcecode.c.h; path = stb_image_write.h; sourceTree = "<group>"; };
		53773AAA1F090CD80070E1AE /* stbi_DDS.h */ = {isa = PBXFileReference; fileEncoding = 4; lastKnownFileType = sourcecode.c.h; path = stbi_DDS.h; sourceTree = "<group>"; };
		53773AAB1F090CD80070E1AE /* stbi_DDS_c.h */ = {isa = PBXFileReference; fileEncoding = 4; lastKnownFileType = sourcecode.c.h; path = stbi_DDS_c.h; sourceTree = "<group>"; };
		53773AAC1F090CD80070E1AE /* stbi_ext.h */ = {isa = PBXFileReference; fileEncoding = 4; lastKnownFileType = sourcecode.c.h; path = stbi_ext.h; sourceTree = "<group>"; };
		53773AAD1F090CD80070E1AE /* stbi_ext_c.h */ = {isa = PBXFileReference; fileEncoding = 4; lastKnownFileType = sourcecode.c.h; path = stbi_ext_c.h; sourceTree = "<group>"; };
		53773AAE1F090CD80070E1AE /* stbi_pkm.h */ = {isa = PBXFileReference; fileEncoding = 4; lastKnownFileType = sourcecode.c.h; path = stbi_pkm.h; sourceTree = "<group>"; };
		53773AAF1F090CD80070E1AE /* stbi_pkm_c.h */ = {isa = PBXFileReference; fileEncoding = 4; lastKnownFileType = sourcecode.c.h; path = stbi_pkm_c.h; sourceTree = "<group>"; };
		53773AB01F090CD80070E1AE /* stbi_pvr.h */ = {isa = PBXFileReference; fileEncoding = 4; lastKnownFileType = sourcecode.c.h; path = stbi_pvr.h; sourceTree = "<group>"; };
		53773AB11F090CD80070E1AE /* stbi_pvr_c.h */ = {isa = PBXFileReference; fileEncoding = 4; lastKnownFileType = sourcecode.c.h; path = stbi_pvr_c.h; sourceTree = "<group>"; };
		53773AB21F090CD80070E1AE /* TextureManager.cpp */ = {isa = PBXFileReference; fileEncoding = 4; lastKnownFileType = sourcecode.cpp.cpp; path = TextureManager.cpp; sourceTree = "<group>"; };
		53773AB31F090CD80070E1AE /* TextureManager.hpp */ = {isa = PBXFileReference; fileEncoding = 4; lastKnownFileType = sourcecode.cpp.h; path = TextureManager.hpp; sourceTree = "<group>"; };
		53773AB41F090CD80070E1AE /* Transformation.hpp */ = {isa = PBXFileReference; fileEncoding = 4; lastKnownFileType = sourcecode.cpp.h; path = Transformation.hpp; sourceTree = "<group>"; };
		53773AB51F090CD80070E1AE /* UserTexture.cpp */ = {isa = PBXFileReference; fileEncoding = 4; lastKnownFileType = sourcecode.cpp.cpp; path = UserTexture.cpp; sourceTree = "<group>"; };
		53773AB61F090CD80070E1AE /* UserTexture.hpp */ = {isa = PBXFileReference; fileEncoding = 4; lastKnownFileType = sourcecode.cpp.h; path = UserTexture.hpp; sourceTree = "<group>"; };
		53773AB71F090CD80070E1AE /* VideoEcho.cpp */ = {isa = PBXFileReference; fileEncoding = 4; lastKnownFileType = sourcecode.cpp.cpp; path = VideoEcho.cpp; sourceTree = "<group>"; };
		53773AB81F090CD80070E1AE /* VideoEcho.hpp */ = {isa = PBXFileReference; fileEncoding = 4; lastKnownFileType = sourcecode.cpp.h; path = VideoEcho.hpp; sourceTree = "<group>"; };
		53773AB91F090CD80070E1AE /* Waveform.cpp */ = {isa = PBXFileReference; fileEncoding = 4; lastKnownFileType = sourcecode.cpp.cpp; path = Waveform.cpp; sourceTree = "<group>"; };
		53773ABA1F090CD80070E1AE /* Waveform.hpp */ = {isa = PBXFileReference; fileEncoding = 4; lastKnownFileType = sourcecode.cpp.h; path = Waveform.hpp; sourceTree = "<group>"; };
		53773AE11F090D0C0070E1AE /* BuiltinFuncs.cpp */ = {isa = PBXFileReference; fileEncoding = 4; lastKnownFileType = sourcecode.cpp.cpp; path = BuiltinFuncs.cpp; sourceTree = "<group>"; };
		53773AE21F090D0C0070E1AE /* BuiltinFuncs.hpp */ = {isa = PBXFileReference; fileEncoding = 4; lastKnownFileType = sourcecode.cpp.h; path = BuiltinFuncs.hpp; sourceTree = "<group>"; };
		53773AE31F090D0C0070E1AE /* BuiltinParams.cpp */ = {isa = PBXFileReference; fileEncoding = 4; lastKnownFileType = sourcecode.cpp.cpp; path = BuiltinParams.cpp; sourceTree = "<group>"; };
		53773AE41F090D0C0070E1AE /* BuiltinParams.hpp */ = {isa = PBXFileReference; fileEncoding = 4; lastKnownFileType = sourcecode.cpp.h; path = BuiltinParams.hpp; sourceTree = "<group>"; };
		53773AE51F090D0C0070E1AE /* CustomShape.cpp */ = {isa = PBXFileReference; fileEncoding = 4; lastKnownFileType = sourcecode.cpp.cpp; path = CustomShape.cpp; sourceTree = "<group>"; };
		53773AE61F090D0C0070E1AE /* CustomShape.hpp */ = {isa = PBXFileReference; fileEncoding = 4; lastKnownFileType = sourcecode.cpp.h; path = CustomShape.hpp; sourceTree = "<group>"; };
		53773AE71F090D0C0070E1AE /* CustomWave.cpp */ = {isa = PBXFileReference; fileEncoding = 4; lastKnownFileType = sourcecode.cpp.cpp; path = CustomWave.cpp; sourceTree = "<group>"; };
		53773AE81F090D0C0070E1AE /* CustomWave.hpp */ = {isa = PBXFileReference; fileEncoding = 4; lastKnownFileType = sourcecode.cpp.h; path = CustomWave.hpp; sourceTree = "<group>"; };
		53773AE91F090D0C0070E1AE /* CValue.hpp */ = {isa = PBXFileReference; fileEncoding = 4; lastKnownFileType = sourcecode.cpp.h; path = CValue.hpp; sourceTree = "<group>"; };
		53773AEA1F090D0C0070E1AE /* Eval.cpp */ = {isa = PBXFileReference; fileEncoding = 4; lastKnownFileType = sourcecode.cpp.cpp; path = Eval.cpp; sourceTree = "<group>"; };
		53773AEB1F090D0C0070E1AE /* Eval.hpp */ = {isa = PBXFileReference; fileEncoding = 4; lastKnownFileType = sourcecode.cpp.h; path = Eval.hpp; sourceTree = "<group>"; };
		53773AEC1F090D0C0070E1AE /* Expr.cpp */ = {isa = PBXFileReference; fileEncoding = 4; lastKnownFileType = sourcecode.cpp.cpp; path = Expr.cpp; sourceTree = "<group>"; };
		53773AED1F090D0C0070E1AE /* Expr.hpp */ = {isa = PBXFileReference; fileEncoding = 4; lastKnownFileType = sourcecode.cpp.h; path = Expr.hpp; sourceTree = "<group>"; };
		53773AEE1F090D0C0070E1AE /* Func.cpp */ = {isa = PBXFileReference; fileEncoding = 4; lastKnownFileType = sourcecode.cpp.cpp; path = Func.cpp; sourceTree = "<group>"; };
		53773AEF1F090D0C0070E1AE /* Func.hpp */ = {isa = PBXFileReference; fileEncoding = 4; lastKnownFileType = sourcecode.cpp.h; path = Func.hpp; sourceTree = "<group>"; };
		53773AF01F090D0C0070E1AE /* IdlePreset.cpp */ = {isa = PBXFileReference; fileEncoding = 4; lastKnownFileType = sourcecode.cpp.cpp; path = IdlePreset.cpp; sourceTree = "<group>"; };
		53773AF11F090D0C0070E1AE /* IdlePreset.hpp */ = {isa = PBXFileReference; fileEncoding = 4; lastKnownFileType = sourcecode.cpp.h; path = IdlePreset.hpp; sourceTree = "<group>"; };
		53773AF21F090D0C0070E1AE /* InitCond.cpp */ = {isa = PBXFileReference; fileEncoding = 4; lastKnownFileType = sourcecode.cpp.cpp; path = InitCond.cpp; sourceTree = "<group>"; };
		53773AF31F090D0C0070E1AE /* InitCond.hpp */ = {isa = PBXFileReference; fileEncoding = 4; lastKnownFileType = sourcecode.cpp.h; path = InitCond.hpp; sourceTree = "<group>"; };
		53773AF41F090D0C0070E1AE /* InitCondUtils.hpp */ = {isa = PBXFileReference; fileEncoding = 4; lastKnownFileType = sourcecode.cpp.h; path = InitCondUtils.hpp; sourceTree = "<group>"; };
		53773AF51F090D0C0070E1AE /* MilkdropPreset.cpp */ = {isa = PBXFileReference; fileEncoding = 4; lastKnownFileType = sourcecode.cpp.cpp; path = MilkdropPreset.cpp; sourceTree = "<group>"; };
		53773AF61F090D0C0070E1AE /* MilkdropPreset.hpp */ = {isa = PBXFileReference; fileEncoding = 4; lastKnownFileType = sourcecode.cpp.h; path = MilkdropPreset.hpp; sourceTree = "<group>"; };
		53773AF71F090D0C0070E1AE /* MilkdropPresetFactory.cpp */ = {isa = PBXFileReference; fileEncoding = 4; lastKnownFileType = sourcecode.cpp.cpp; path = MilkdropPresetFactory.cpp; sourceTree = "<group>"; };
		53773AF81F090D0C0070E1AE /* MilkdropPresetFactory.hpp */ = {isa = PBXFileReference; fileEncoding = 4; lastKnownFileType = sourcecode.cpp.h; path = MilkdropPresetFactory.hpp; sourceTree = "<group>"; };
		53773AF91F090D0C0070E1AE /* Param.cpp */ = {isa = PBXFileReference; fileEncoding = 4; lastKnownFileType = sourcecode.cpp.cpp; path = Param.cpp; sourceTree = "<group>"; };
		53773AFA1F090D0C0070E1AE /* Param.hpp */ = {isa = PBXFileReference; fileEncoding = 4; lastKnownFileType = sourcecode.cpp.h; path = Param.hpp; sourceTree = "<group>"; };
		53773AFB1F090D0C0070E1AE /* ParamUtils.hpp */ = {isa = PBXFileReference; fileEncoding = 4; lastKnownFileType = sourcecode.cpp.h; path = ParamUtils.hpp; sourceTree = "<group>"; };
		53773AFC1F090D0C0070E1AE /* Parser.cpp */ = {isa = PBXFileReference; fileEncoding = 4; lastKnownFileType = sourcecode.cpp.cpp; path = Parser.cpp; sourceTree = "<group>"; };
		53773AFD1F090D0C0070E1AE /* Parser.hpp */ = {isa = PBXFileReference; fileEncoding = 4; lastKnownFileType = sourcecode.cpp.h; path = Parser.hpp; sourceTree = "<group>"; };
		53773AFE1F090D0C0070E1AE /* PerFrameEqn.cpp */ = {isa = PBXFileReference; fileEncoding = 4; lastKnownFileType = sourcecode.cpp.cpp; path = PerFrameEqn.cpp; sourceTree = "<group>"; };
		53773AFF1F090D0C0070E1AE /* PerFrameEqn.hpp */ = {isa = PBXFileReference; fileEncoding = 4; lastKnownFileType = sourcecode.cpp.h; path = PerFrameEqn.hpp; sourceTree = "<group>"; };
		53773B001F090D0C0070E1AE /* PerPixelEqn.cpp */ = {isa = PBXFileReference; fileEncoding = 4; lastKnownFileType = sourcecode.cpp.cpp; path = PerPixelEqn.cpp; sourceTree = "<group>"; };
		53773B011F090D0C0070E1AE /* PerPixelEqn.hpp */ = {isa = PBXFileReference; fileEncoding = 4; lastKnownFileType = sourcecode.cpp.h; path = PerPixelEqn.hpp; sourceTree = "<group>"; };
		53773B021F090D0C0070E1AE /* PerPointEqn.cpp */ = {isa = PBXFileReference; fileEncoding = 4; lastKnownFileType = sourcecode.cpp.cpp; path = PerPointEqn.cpp; sourceTree = "<group>"; };
		53773B031F090D0C0070E1AE /* PerPointEqn.hpp */ = {isa = PBXFileReference; fileEncoding = 4; lastKnownFileType = sourcecode.cpp.h; path = PerPointEqn.hpp; sourceTree = "<group>"; };
		53773B041F090D0C0070E1AE /* PresetFrameIO.cpp */ = {isa = PBXFileReference; fileEncoding = 4; lastKnownFileType = sourcecode.cpp.cpp; path = PresetFrameIO.cpp; sourceTree = "<group>"; };
		53773B051F090D0C0070E1AE /* PresetFrameIO.hpp */ = {isa = PBXFileReference; fileEncoding = 4; lastKnownFileType = sourcecode.cpp.h; path = PresetFrameIO.hpp; sourceTree = "<group>"; };
		53773B181F090D270070E1AE /* MilkdropCompatability.hpp */ = {isa = PBXFileReference; fileEncoding = 4; lastKnownFileType = sourcecode.cpp.h; path = MilkdropCompatability.hpp; sourceTree = "<group>"; };
		53773B191F090D270070E1AE /* NativePreset.hpp */ = {isa = PBXFileReference; fileEncoding = 4; lastKnownFileType = sourcecode.cpp.h; path = NativePreset.hpp; sourceTree = "<group>"; };
		53773B1A1F090D270070E1AE /* NativePresetFactory.cpp */ = {isa = PBXFileReference; fileEncoding = 4; lastKnownFileType = sourcecode.cpp.cpp; path = NativePresetFactory.cpp; sourceTree = "<group>"; };
		53773B1B1F090D270070E1AE /* NativePresetFactory.hpp */ = {isa = PBXFileReference; fileEncoding = 4; lastKnownFileType = sourcecode.cpp.h; path = NativePresetFactory.hpp; sourceTree = "<group>"; };
		53773B1E1F090DA00070E1AE /* OpenGLES.framework */ = {isa = PBXFileReference; lastKnownFileType = wrapper.framework; name = OpenGLES.framework; path = System/Library/Frameworks/OpenGLES.framework; sourceTree = SDKROOT; };
		53773B201F090DF70070E1AE /* QuartzCore.framework */ = {isa = PBXFileReference; lastKnownFileType = wrapper.framework; name = QuartzCore.framework; path = System/Library/Frameworks/QuartzCore.framework; sourceTree = SDKROOT; };
		53773B241F090F880070E1AE /* Example.cpp */ = {isa = PBXFileReference; fileEncoding = 4; lastKnownFileType = sourcecode.cpp.cpp; path = Example.cpp; sourceTree = "<group>"; };
		53773B251F090F880070E1AE /* License.txt */ = {isa = PBXFileReference; fileEncoding = 4; lastKnownFileType = text; path = License.txt; sourceTree = "<group>"; };
		53773B261F090F880070E1AE /* omptl.h */ = {isa = PBXFileReference; fileEncoding = 4; lastKnownFileType = sourcecode.c.h; path = omptl.h; sourceTree = "<group>"; };
		53773B271F090F880070E1AE /* omptl_algorithm.h */ = {isa = PBXFileReference; fileEncoding = 4; lastKnownFileType = sourcecode.c.h; path = omptl_algorithm.h; sourceTree = "<group>"; };
		53773B281F090F880070E1AE /* omptl_algorithm_par.h */ = {isa = PBXFileReference; fileEncoding = 4; lastKnownFileType = sourcecode.c.h; path = omptl_algorithm_par.h; sourceTree = "<group>"; };
		53773B291F090F880070E1AE /* omptl_algorithm_ser.h */ = {isa = PBXFileReference; fileEncoding = 4; lastKnownFileType = sourcecode.c.h; path = omptl_algorithm_ser.h; sourceTree = "<group>"; };
		53773B2A1F090F880070E1AE /* omptl_numeric.h */ = {isa = PBXFileReference; fileEncoding = 4; lastKnownFileType = sourcecode.c.h; path = omptl_numeric.h; sourceTree = "<group>"; };
		53773B2B1F090F880070E1AE /* omptl_numeric_extentions.h */ = {isa = PBXFileReference; fileEncoding = 4; lastKnownFileType = sourcecode.c.h; path = omptl_numeric_extentions.h; sourceTree = "<group>"; };
		53773B2C1F090F880070E1AE /* omptl_numeric_extentions_par.h */ = {isa = PBXFileReference; fileEncoding = 4; lastKnownFileType = sourcecode.c.h; path = omptl_numeric_extentions_par.h; sourceTree = "<group>"; };
		53773B2D1F090F880070E1AE /* omptl_numeric_extentions_ser.h */ = {isa = PBXFileReference; fileEncoding = 4; lastKnownFileType = sourcecode.c.h; path = omptl_numeric_extentions_ser.h; sourceTree = "<group>"; };
		53773B2E1F090F880070E1AE /* omptl_numeric_par.h */ = {isa = PBXFileReference; fileEncoding = 4; lastKnownFileType = sourcecode.c.h; path = omptl_numeric_par.h; sourceTree = "<group>"; };
		53773B2F1F090F880070E1AE /* omptl_numeric_ser.h */ = {isa = PBXFileReference; fileEncoding = 4; lastKnownFileType = sourcecode.c.h; path = omptl_numeric_ser.h; sourceTree = "<group>"; };
		53773B301F090F880070E1AE /* omptl_tools.h */ = {isa = PBXFileReference; fileEncoding = 4; lastKnownFileType = sourcecode.c.h; path = omptl_tools.h; sourceTree = "<group>"; };
/* End PBXFileReference section */

/* Begin PBXFrameworksBuildPhase section */
		53773A241F090B4A0070E1AE /* Frameworks */ = {
			isa = PBXFrameworksBuildPhase;
			buildActionMask = 2147483647;
			files = (
				53773B211F090DF70070E1AE /* QuartzCore.framework in Frameworks */,
				53773B1F1F090DA00070E1AE /* OpenGLES.framework in Frameworks */,
			);
			runOnlyForDeploymentPostprocessing = 0;
		};
/* End PBXFrameworksBuildPhase section */

/* Begin PBXGroup section */
		53773A1E1F090B4A0070E1AE = {
			isa = PBXGroup;
			children = (
				53773A291F090B4A0070E1AE /* libProjectM */,
				53773A281F090B4A0070E1AE /* Products */,
				53773B1D1F090DA00070E1AE /* Frameworks */,
			);
			sourceTree = "<group>";
		};
		53773A281F090B4A0070E1AE /* Products */ = {
			isa = PBXGroup;
			children = (
				53773A271F090B4A0070E1AE /* liblibProjectM.a */,
			);
			name = Products;
			sourceTree = "<group>";
		};
		53773A291F090B4A0070E1AE /* libProjectM */ = {
			isa = PBXGroup;
			children = (
				53773B231F090F880070E1AE /* omptl */,
				53773B171F090D270070E1AE /* NativePresetFactory */,
				53773AE01F090D0C0070E1AE /* MilkdropPresetFactory */,
				53773A7D1F090CD80070E1AE /* Renderer */,
				53773A2A1F090B4A0070E1AE /* libProjectM.h */,
				53773A2B1F090B4A0070E1AE /* libProjectM.m */,
				53773A401F090C3C0070E1AE /* carbontoprojectM.h */,
				53773A411F090C3C0070E1AE /* cocoatoprojectM.h */,
				53773A421F090C3C0070E1AE /* Common.hpp */,
				53773A431F090C3C0070E1AE /* ConfigFile.cpp */,
				53773A441F090C3C0070E1AE /* ConfigFile.h */,
				53773A451F090C3C0070E1AE /* COPYING */,
				53773A461F090C3C0070E1AE /* dlldefs.h */,
				53773A471F090C3C0070E1AE /* event.h */,
				53773A481F090C3C0070E1AE /* fatal.h */,
				53773A491F090C3C0070E1AE /* fftsg.cpp */,
				53773A4A1F090C3C0070E1AE /* fftsg.h */,
				53773A4D1F090C690070E1AE /* glError.h */,
				53773A4E1F090C690070E1AE /* gles.sh */,
				53773A511F090C690070E1AE /* glxew.h */,
				53773A521F090C690070E1AE /* HungarianMethod.hpp */,
				53773A531F090C690070E1AE /* IdleTextures.hpp */,
				53773A541F090C690070E1AE /* KeyHandler.cpp */,
				53773A551F090C690070E1AE /* KeyHandler.hpp */,
				53773A561F090C690070E1AE /* lvtoprojectM.h */,
				53773A591F090C770070E1AE /* PCM.cpp */,
				53773A5A1F090C770070E1AE /* PCM.hpp */,
				53773A5B1F090C770070E1AE /* PipelineMerger.cpp */,
				53773A5C1F090C770070E1AE /* PipelineMerger.hpp */,
				53773A5D1F090C770070E1AE /* Preset.cpp */,
				53773A5E1F090C770070E1AE /* Preset.hpp */,
				53773A5F1F090C770070E1AE /* PresetChooser.cpp */,
				53773A601F090C770070E1AE /* PresetChooser.hpp */,
				53773A611F090C770070E1AE /* PresetFactory.cpp */,
				53773A621F090C770070E1AE /* PresetFactory.hpp */,
				53773A631F090C770070E1AE /* PresetFactoryManager.cpp */,
				53773A641F090C770070E1AE /* PresetFactoryManager.hpp */,
				53773A651F090C770070E1AE /* PresetLoader.cpp */,
				53773A661F090C770070E1AE /* PresetLoader.hpp */,
				53773A6E1F090C8D0070E1AE /* projectM.cpp */,
				53773A6F1F090C8D0070E1AE /* projectM.hpp */,
				53773A701F090C8D0070E1AE /* RandomNumberGenerators.hpp */,
				53773A721F090C970070E1AE /* resource.h */,
				53773A731F090C970070E1AE /* sdltoprojectM.h */,
				53773A741F090C970070E1AE /* TimeKeeper.cpp */,
				53773A751F090C970070E1AE /* TimeKeeper.hpp */,
				53773A761F090C970070E1AE /* timer.cpp */,
				53773A771F090C970070E1AE /* timer.h */,
				53773A781F090C970070E1AE /* wipemalloc.cpp */,
				53773A791F090C970070E1AE /* wipemalloc.h */,
			);
			path = libProjectM;
			sourceTree = "<group>";
		};
		53773A7D1F090CD80070E1AE /* Renderer */ = {
			isa = PBXGroup;
			children = (
				53773A7E1F090CD80070E1AE /* BeatDetect.cpp */,
				53773A7F1F090CD80070E1AE /* BeatDetect.hpp */,
				53773A801F090CD80070E1AE /* blur.cg */,
				53773A811F090CD80070E1AE /* FBO.cpp */,
				53773A821F090CD80070E1AE /* FBO.hpp */,
				53773A831F090CD80070E1AE /* Filters.cpp */,
				53773A841F090CD80070E1AE /* Filters.hpp */,
				53773A851F090CD80070E1AE /* MilkdropWaveform.cpp */,
				53773A861F090CD80070E1AE /* MilkdropWaveform.hpp */,
				53773A871F090CD80070E1AE /* PerlinNoise.cpp */,
				53773A881F090CD80070E1AE /* PerlinNoise.hpp */,
				53773A891F090CD80070E1AE /* PerPixelMesh.cpp */,
				53773A8A1F090CD80070E1AE /* PerPixelMesh.hpp */,
				53773A8B1F090CD80070E1AE /* Pipeline.cpp */,
				53773A8C1F090CD80070E1AE /* Pipeline.hpp */,
				53773A8D1F090CD80070E1AE /* PipelineContext.cpp */,
				53773A8E1F090CD80070E1AE /* PipelineContext.hpp */,
				53773A8F1F090CD80070E1AE /* projectM.cg */,
				53773A901F090CD80070E1AE /* Renderable.cpp */,
				53773A911F090CD80070E1AE /* Renderable.hpp */,
				53773A921F090CD80070E1AE /* Renderer.cpp */,
				53773A931F090CD80070E1AE /* Renderer.hpp */,
				53773A941F090CD80070E1AE /* RenderItemDistanceMetric.cpp */,
				53773A951F090CD80070E1AE /* RenderItemDistanceMetric.hpp */,
				53773A961F090CD80070E1AE /* RenderItemMatcher.cpp */,
				53773A971F090CD80070E1AE /* RenderItemMatcher.hpp */,
				53773A981F090CD80070E1AE /* RenderItemMergeFunction.hpp */,
				53773A991F090CD80070E1AE /* Shader.cpp */,
				53773A9A1F090CD80070E1AE /* Shader.hpp */,
				53773A9B1F090CD80070E1AE /* ShaderEngine.cpp */,
				53773A9C1F090CD80070E1AE /* ShaderEngine.hpp */,
				53773A9D1F090CD80070E1AE /* SOIL2 */,
				53773AB21F090CD80070E1AE /* TextureManager.cpp */,
				53773AB31F090CD80070E1AE /* TextureManager.hpp */,
				53773AB41F090CD80070E1AE /* Transformation.hpp */,
				53773AB51F090CD80070E1AE /* UserTexture.cpp */,
				53773AB61F090CD80070E1AE /* UserTexture.hpp */,
				53773AB71F090CD80070E1AE /* VideoEcho.cpp */,
				53773AB81F090CD80070E1AE /* VideoEcho.hpp */,
				53773AB91F090CD80070E1AE /* Waveform.cpp */,
				53773ABA1F090CD80070E1AE /* Waveform.hpp */,
			);
			path = Renderer;
			sourceTree = "<group>";
		};
		53773A9D1F090CD80070E1AE /* SOIL2 */ = {
			isa = PBXGroup;
			children = (
				53773A9E1F090CD80070E1AE /* etc1_utils.c */,
				53773A9F1F090CD80070E1AE /* etc1_utils.h */,
				53773AA01F090CD80070E1AE /* image_DXT.c */,
				53773AA11F090CD80070E1AE /* image_DXT.h */,
				53773AA21F090CD80070E1AE /* image_helper.c */,
				53773AA31F090CD80070E1AE /* image_helper.h */,
				53773AA41F090CD80070E1AE /* pkm_helper.h */,
				53773AA51F090CD80070E1AE /* pvr_helper.h */,
				53773AA61F090CD80070E1AE /* SOIL2.c */,
				53773AA71F090CD80070E1AE /* SOIL2.h */,
				53773AA81F090CD80070E1AE /* stb_image.h */,
				53773AA91F090CD80070E1AE /* stb_image_write.h */,
				53773AAA1F090CD80070E1AE /* stbi_DDS.h */,
				53773AAB1F090CD80070E1AE /* stbi_DDS_c.h */,
				53773AAC1F090CD80070E1AE /* stbi_ext.h */,
				53773AAD1F090CD80070E1AE /* stbi_ext_c.h */,
				53773AAE1F090CD80070E1AE /* stbi_pkm.h */,
				53773AAF1F090CD80070E1AE /* stbi_pkm_c.h */,
				53773AB01F090CD80070E1AE /* stbi_pvr.h */,
				53773AB11F090CD80070E1AE /* stbi_pvr_c.h */,
			);
			path = SOIL2;
			sourceTree = "<group>";
		};
		53773AE01F090D0C0070E1AE /* MilkdropPresetFactory */ = {
			isa = PBXGroup;
			children = (
				53773AE11F090D0C0070E1AE /* BuiltinFuncs.cpp */,
				53773AE21F090D0C0070E1AE /* BuiltinFuncs.hpp */,
				53773AE31F090D0C0070E1AE /* BuiltinParams.cpp */,
				53773AE41F090D0C0070E1AE /* BuiltinParams.hpp */,
				53773AE51F090D0C0070E1AE /* CustomShape.cpp */,
				53773AE61F090D0C0070E1AE /* CustomShape.hpp */,
				53773AE71F090D0C0070E1AE /* CustomWave.cpp */,
				53773AE81F090D0C0070E1AE /* CustomWave.hpp */,
				53773AE91F090D0C0070E1AE /* CValue.hpp */,
				53773AEA1F090D0C0070E1AE /* Eval.cpp */,
				53773AEB1F090D0C0070E1AE /* Eval.hpp */,
				53773AEC1F090D0C0070E1AE /* Expr.cpp */,
				53773AED1F090D0C0070E1AE /* Expr.hpp */,
				53773AEE1F090D0C0070E1AE /* Func.cpp */,
				53773AEF1F090D0C0070E1AE /* Func.hpp */,
				53773AF01F090D0C0070E1AE /* IdlePreset.cpp */,
				53773AF11F090D0C0070E1AE /* IdlePreset.hpp */,
				53773AF21F090D0C0070E1AE /* InitCond.cpp */,
				53773AF31F090D0C0070E1AE /* InitCond.hpp */,
				53773AF41F090D0C0070E1AE /* InitCondUtils.hpp */,
				53773AF51F090D0C0070E1AE /* MilkdropPreset.cpp */,
				53773AF61F090D0C0070E1AE /* MilkdropPreset.hpp */,
				53773AF71F090D0C0070E1AE /* MilkdropPresetFactory.cpp */,
				53773AF81F090D0C0070E1AE /* MilkdropPresetFactory.hpp */,
				53773AF91F090D0C0070E1AE /* Param.cpp */,
				53773AFA1F090D0C0070E1AE /* Param.hpp */,
				53773AFB1F090D0C0070E1AE /* ParamUtils.hpp */,
				53773AFC1F090D0C0070E1AE /* Parser.cpp */,
				53773AFD1F090D0C0070E1AE /* Parser.hpp */,
				53773AFE1F090D0C0070E1AE /* PerFrameEqn.cpp */,
				53773AFF1F090D0C0070E1AE /* PerFrameEqn.hpp */,
				53773B001F090D0C0070E1AE /* PerPixelEqn.cpp */,
				53773B011F090D0C0070E1AE /* PerPixelEqn.hpp */,
				53773B021F090D0C0070E1AE /* PerPointEqn.cpp */,
				53773B031F090D0C0070E1AE /* PerPointEqn.hpp */,
				53773B041F090D0C0070E1AE /* PresetFrameIO.cpp */,
				53773B051F090D0C0070E1AE /* PresetFrameIO.hpp */,
			);
			path = MilkdropPresetFactory;
			sourceTree = "<group>";
		};
		53773B171F090D270070E1AE /* NativePresetFactory */ = {
			isa = PBXGroup;
			children = (
				53773B181F090D270070E1AE /* MilkdropCompatability.hpp */,
				53773B191F090D270070E1AE /* NativePreset.hpp */,
				53773B1A1F090D270070E1AE /* NativePresetFactory.cpp */,
				53773B1B1F090D270070E1AE /* NativePresetFactory.hpp */,
			);
			path = NativePresetFactory;
			sourceTree = "<group>";
		};
		53773B1D1F090DA00070E1AE /* Frameworks */ = {
			isa = PBXGroup;
			children = (
				53773B201F090DF70070E1AE /* QuartzCore.framework */,
				53773B1E1F090DA00070E1AE /* OpenGLES.framework */,
			);
			name = Frameworks;
			sourceTree = "<group>";
		};
		53773B231F090F880070E1AE /* omptl */ = {
			isa = PBXGroup;
			children = (
				53773B241F090F880070E1AE /* Example.cpp */,
				53773B251F090F880070E1AE /* License.txt */,
				53773B261F090F880070E1AE /* omptl.h */,
				53773B271F090F880070E1AE /* omptl_algorithm.h */,
				53773B281F090F880070E1AE /* omptl_algorithm_par.h */,
				53773B291F090F880070E1AE /* omptl_algorithm_ser.h */,
				53773B2A1F090F880070E1AE /* omptl_numeric.h */,
				53773B2B1F090F880070E1AE /* omptl_numeric_extentions.h */,
				53773B2C1F090F880070E1AE /* omptl_numeric_extentions_par.h */,
				53773B2D1F090F880070E1AE /* omptl_numeric_extentions_ser.h */,
				53773B2E1F090F880070E1AE /* omptl_numeric_par.h */,
				53773B2F1F090F880070E1AE /* omptl_numeric_ser.h */,
				53773B301F090F880070E1AE /* omptl_tools.h */,
			);
			path = omptl;
			sourceTree = "<group>";
		};
/* End PBXGroup section */

/* Begin PBXNativeTarget section */
		53773A261F090B4A0070E1AE /* libProjectM */ = {
			isa = PBXNativeTarget;
			buildConfigurationList = 53773A301F090B4A0070E1AE /* Build configuration list for PBXNativeTarget "libProjectM" */;
			buildPhases = (
				53773A231F090B4A0070E1AE /* Sources */,
				53773A241F090B4A0070E1AE /* Frameworks */,
				53773A251F090B4A0070E1AE /* CopyFiles */,
			);
			buildRules = (
			);
			dependencies = (
			);
			name = libProjectM;
			productName = libProjectM;
			productReference = 53773A271F090B4A0070E1AE /* liblibProjectM.a */;
			productType = "com.apple.product-type.library.static";
		};
/* End PBXNativeTarget section */

/* Begin PBXProject section */
		53773A1F1F090B4A0070E1AE /* Project object */ = {
			isa = PBXProject;
			attributes = {
				LastUpgradeCheck = 0830;
				ORGANIZATIONNAME = "Ben Baron";
				TargetAttributes = {
					53773A261F090B4A0070E1AE = {
						CreatedOnToolsVersion = 8.3.3;
						DevelopmentTeam = 7596YH3S97;
						ProvisioningStyle = Automatic;
					};
				};
			};
			buildConfigurationList = 53773A221F090B4A0070E1AE /* Build configuration list for PBXProject "libProjectM" */;
			compatibilityVersion = "Xcode 3.2";
			developmentRegion = English;
			hasScannedForEncodings = 0;
			knownRegions = (
				en,
			);
			mainGroup = 53773A1E1F090B4A0070E1AE;
			productRefGroup = 53773A281F090B4A0070E1AE /* Products */;
			projectDirPath = "";
			projectRoot = "";
			targets = (
				53773A261F090B4A0070E1AE /* libProjectM */,
			);
		};
/* End PBXProject section */

/* Begin PBXSourcesBuildPhase section */
		53773A231F090B4A0070E1AE /* Sources */ = {
			isa = PBXSourcesBuildPhase;
			buildActionMask = 2147483647;
			files = (
				53773B0D1F090D0C0070E1AE /* IdlePreset.cpp in Sources */,
				53773ACB1F090CD80070E1AE /* image_helper.c in Sources */,
				53773B071F090D0C0070E1AE /* BuiltinParams.cpp in Sources */,
				53773B101F090D0C0070E1AE /* MilkdropPresetFactory.cpp in Sources */,
				53773A681F090C770070E1AE /* PipelineMerger.cpp in Sources */,
				53773A6C1F090C770070E1AE /* PresetFactoryManager.cpp in Sources */,
				53773A7A1F090C970070E1AE /* TimeKeeper.cpp in Sources */,
				53773ABC1F090CD80070E1AE /* FBO.cpp in Sources */,
				53773ACF1F090CD80070E1AE /* VideoEcho.cpp in Sources */,
				53773AC81F090CD80070E1AE /* ShaderEngine.cpp in Sources */,
				53773B081F090D0C0070E1AE /* CustomShape.cpp in Sources */,
				53773B0C1F090D0C0070E1AE /* Func.cpp in Sources */,
				53773B121F090D0C0070E1AE /* Parser.cpp in Sources */,
				53773B0F1F090D0C0070E1AE /* MilkdropPreset.cpp in Sources */,
				53773B0B1F090D0C0070E1AE /* Expr.cpp in Sources */,
				53773AC91F090CD80070E1AE /* etc1_utils.c in Sources */,
				53773A671F090C770070E1AE /* PCM.cpp in Sources */,
				53773B141F090D0C0070E1AE /* PerPixelEqn.cpp in Sources */,
				53773A6D1F090C770070E1AE /* PresetLoader.cpp in Sources */,
				53773AC41F090CD80070E1AE /* Renderer.cpp in Sources */,
				53773B091F090D0C0070E1AE /* CustomWave.cpp in Sources */,
				53773A4C1F090C3C0070E1AE /* fftsg.cpp in Sources */,
				53773AC21F090CD80070E1AE /* PipelineContext.cpp in Sources */,
				53773AC61F090CD80070E1AE /* RenderItemMatcher.cpp in Sources */,
				53773B161F090D0C0070E1AE /* PresetFrameIO.cpp in Sources */,
				53773A6B1F090C770070E1AE /* PresetFactory.cpp in Sources */,
				53773ABB1F090CD80070E1AE /* BeatDetect.cpp in Sources */,
				53773ACA1F090CD80070E1AE /* image_DXT.c in Sources */,
				53773A711F090C8D0070E1AE /* projectM.cpp in Sources */,
				53773B151F090D0C0070E1AE /* PerPointEqn.cpp in Sources */,
				53773B0A1F090D0C0070E1AE /* Eval.cpp in Sources */,
				53773B111F090D0C0070E1AE /* Param.cpp in Sources */,
				53773ABE1F090CD80070E1AE /* MilkdropWaveform.cpp in Sources */,
				53773AC31F090CD80070E1AE /* Renderable.cpp in Sources */,
				53773AC71F090CD80070E1AE /* Shader.cpp in Sources */,
				53773ACE1F090CD80070E1AE /* UserTexture.cpp in Sources */,
				53773B061F090D0C0070E1AE /* BuiltinFuncs.cpp in Sources */,
				53773A2C1F090B4A0070E1AE /* libProjectM.m in Sources */,
				53773A581F090C690070E1AE /* KeyHandler.cpp in Sources */,
				53773ABD1F090CD80070E1AE /* Filters.cpp in Sources */,
				53773A7B1F090C970070E1AE /* timer.cpp in Sources */,
				53773A7C1F090C970070E1AE /* wipemalloc.cpp in Sources */,
				53773B0E1F090D0C0070E1AE /* InitCond.cpp in Sources */,
				53773ABF1F090CD80070E1AE /* PerlinNoise.cpp in Sources */,
				53773ACC1F090CD80070E1AE /* SOIL2.c in Sources */,
				53773A691F090C770070E1AE /* Preset.cpp in Sources */,
				53773B131F090D0C0070E1AE /* PerFrameEqn.cpp in Sources */,
				53773AC01F090CD80070E1AE /* PerPixelMesh.cpp in Sources */,
				53773AC51F090CD80070E1AE /* RenderItemDistanceMetric.cpp in Sources */,
				53773A4B1F090C3C0070E1AE /* ConfigFile.cpp in Sources */,
				53773B1C1F090D270070E1AE /* NativePresetFactory.cpp in Sources */,
				53773AD01F090CD80070E1AE /* Waveform.cpp in Sources */,
				53773A6A1F090C770070E1AE /* PresetChooser.cpp in Sources */,
				53773AC11F090CD80070E1AE /* Pipeline.cpp in Sources */,
				53773ACD1F090CD80070E1AE /* TextureManager.cpp in Sources */,
			);
			runOnlyForDeploymentPostprocessing = 0;
		};
/* End PBXSourcesBuildPhase section */

/* Begin XCBuildConfiguration section */
		53773A2E1F090B4A0070E1AE /* Debug */ = {
			isa = XCBuildConfiguration;
			buildSettings = {
				ALWAYS_SEARCH_USER_PATHS = NO;
				CLANG_ANALYZER_NONNULL = YES;
				CLANG_ANALYZER_NUMBER_OBJECT_CONVERSION = YES_AGGRESSIVE;
				CLANG_CXX_LANGUAGE_STANDARD = "gnu++0x";
				CLANG_CXX_LIBRARY = "libc++";
				CLANG_ENABLE_MODULES = YES;
				CLANG_ENABLE_OBJC_ARC = YES;
				CLANG_WARN_BOOL_CONVERSION = YES;
				CLANG_WARN_CONSTANT_CONVERSION = YES;
				CLANG_WARN_DIRECT_OBJC_ISA_USAGE = YES_ERROR;
				CLANG_WARN_DOCUMENTATION_COMMENTS = YES;
				CLANG_WARN_EMPTY_BODY = YES;
				CLANG_WARN_ENUM_CONVERSION = YES;
				CLANG_WARN_INFINITE_RECURSION = YES;
				CLANG_WARN_INT_CONVERSION = YES;
				CLANG_WARN_OBJC_ROOT_CLASS = YES_ERROR;
				CLANG_WARN_SUSPICIOUS_MOVE = YES;
				CLANG_WARN_UNREACHABLE_CODE = YES;
				CLANG_WARN__DUPLICATE_METHOD_MATCH = YES;
				"CODE_SIGN_IDENTITY[sdk=iphoneos*]" = "iPhone Developer";
				COPY_PHASE_STRIP = NO;
				DEBUG_INFORMATION_FORMAT = dwarf;
				ENABLE_STRICT_OBJC_MSGSEND = YES;
				ENABLE_TESTABILITY = YES;
				GCC_C_LANGUAGE_STANDARD = gnu99;
				GCC_DYNAMIC_NO_PIC = NO;
				GCC_NO_COMMON_BLOCKS = YES;
				GCC_OPTIMIZATION_LEVEL = 0;
				GCC_PREPROCESSOR_DEFINITIONS = (
					"DEBUG=1",
					"$(inherited)",
				);
				GCC_WARN_64_TO_32_BIT_CONVERSION = YES;
				GCC_WARN_ABOUT_RETURN_TYPE = YES_ERROR;
				GCC_WARN_UNDECLARED_SELECTOR = YES;
				GCC_WARN_UNINITIALIZED_AUTOS = YES_AGGRESSIVE;
				GCC_WARN_UNUSED_FUNCTION = YES;
				GCC_WARN_UNUSED_VARIABLE = YES;
				IPHONEOS_DEPLOYMENT_TARGET = 10.3;
				MTL_ENABLE_DEBUG_INFO = YES;
				ONLY_ACTIVE_ARCH = YES;
				SDKROOT = iphoneos;
			};
			name = Debug;
		};
		53773A2F1F090B4A0070E1AE /* Release */ = {
			isa = XCBuildConfiguration;
			buildSettings = {
				ALWAYS_SEARCH_USER_PATHS = NO;
				CLANG_ANALYZER_NONNULL = YES;
				CLANG_ANALYZER_NUMBER_OBJECT_CONVERSION = YES_AGGRESSIVE;
				CLANG_CXX_LANGUAGE_STANDARD = "gnu++0x";
				CLANG_CXX_LIBRARY = "libc++";
				CLANG_ENABLE_MODULES = YES;
				CLANG_ENABLE_OBJC_ARC = YES;
				CLANG_WARN_BOOL_CONVERSION = YES;
				CLANG_WARN_CONSTANT_CONVERSION = YES;
				CLANG_WARN_DIRECT_OBJC_ISA_USAGE = YES_ERROR;
				CLANG_WARN_DOCUMENTATION_COMMENTS = YES;
				CLANG_WARN_EMPTY_BODY = YES;
				CLANG_WARN_ENUM_CONVERSION = YES;
				CLANG_WARN_INFINITE_RECURSION = YES;
				CLANG_WARN_INT_CONVERSION = YES;
				CLANG_WARN_OBJC_ROOT_CLASS = YES_ERROR;
				CLANG_WARN_SUSPICIOUS_MOVE = YES;
				CLANG_WARN_UNREACHABLE_CODE = YES;
				CLANG_WARN__DUPLICATE_METHOD_MATCH = YES;
				"CODE_SIGN_IDENTITY[sdk=iphoneos*]" = "iPhone Developer";
				COPY_PHASE_STRIP = NO;
				DEBUG_INFORMATION_FORMAT = "dwarf-with-dsym";
				ENABLE_NS_ASSERTIONS = NO;
				ENABLE_STRICT_OBJC_MSGSEND = YES;
				GCC_C_LANGUAGE_STANDARD = gnu99;
				GCC_NO_COMMON_BLOCKS = YES;
				GCC_WARN_64_TO_32_BIT_CONVERSION = YES;
				GCC_WARN_ABOUT_RETURN_TYPE = YES_ERROR;
				GCC_WARN_UNDECLARED_SELECTOR = YES;
				GCC_WARN_UNINITIALIZED_AUTOS = YES_AGGRESSIVE;
				GCC_WARN_UNUSED_FUNCTION = YES;
				GCC_WARN_UNUSED_VARIABLE = YES;
				IPHONEOS_DEPLOYMENT_TARGET = 10.3;
				MTL_ENABLE_DEBUG_INFO = NO;
				SDKROOT = iphoneos;
				VALIDATE_PRODUCT = YES;
			};
			name = Release;
		};
		53773A311F090B4A0070E1AE /* Debug */ = {
			isa = XCBuildConfiguration;
			buildSettings = {
				CLANG_WARN_DOCUMENTATION_COMMENTS = NO;
				DEVELOPMENT_TEAM = 7596YH3S97;
				GCC_PREPROCESSOR_DEFINITIONS = (
					"DEBUG=1",
					"$(inherited)",
					USE_GLES1,
				);
				LIBRARY_SEARCH_PATHS = "$(SRCROOT)/**";
				OTHER_LDFLAGS = "-ObjC";
				PRODUCT_NAME = "$(TARGET_NAME)";
				SKIP_INSTALL = YES;
			};
			name = Debug;
		};
		53773A321F090B4A0070E1AE /* Release */ = {
			isa = XCBuildConfiguration;
			buildSettings = {
				CLANG_WARN_DOCUMENTATION_COMMENTS = NO;
				DEVELOPMENT_TEAM = 7596YH3S97;
				GCC_PREPROCESSOR_DEFINITIONS = USE_GLES1;
				LIBRARY_SEARCH_PATHS = "$(SRCROOT)/**";
				OTHER_LDFLAGS = "-ObjC";
				PRODUCT_NAME = "$(TARGET_NAME)";
				SKIP_INSTALL = YES;
			};
			name = Release;
		};
/* End XCBuildConfiguration section */

/* Begin XCConfigurationList section */
		53773A221F090B4A0070E1AE /* Build configuration list for PBXProject "libProjectM" */ = {
			isa = XCConfigurationList;
			buildConfigurations = (
				53773A2E1F090B4A0070E1AE /* Debug */,
				53773A2F1F090B4A0070E1AE /* Release */,
			);
			defaultConfigurationIsVisible = 0;
			defaultConfigurationName = Release;
		};
		53773A301F090B4A0070E1AE /* Build configuration list for PBXNativeTarget "libProjectM" */ = {
			isa = XCConfigurationList;
			buildConfigurations = (
				53773A311F090B4A0070E1AE /* Debug */,
				53773A321F090B4A0070E1AE /* Release */,
			);
			defaultConfigurationIsVisible = 0;
		};
/* End XCConfigurationList section */
	};
	rootObject = 53773A1F1F090B4A0070E1AE /* Project object */;
}
